{
  "name": "hf-aimodel",
  "version": "1.0.0",
  "lockfileVersion": 3,
  "requires": true,
  "packages": {
    "": {
      "name": "hf-aimodel",
      "version": "1.0.0",
      "license": "ISC",
      "dependencies": {
        "@huggingface/inference": "^4.13.5"
      }
    },
    "node_modules/@huggingface/inference": {
      "version": "4.13.5",
      "resolved": "https://registry.npmjs.org/@huggingface/inference/-/inference-4.13.5.tgz",
      "integrity": "sha512-jeRQVwoV2Xx5stHR4wyZPPvhOOm6Hi9B2hsHWWuFJBEoxlFJMbRAsQbTvQrusw2vNBfNHIqb2i9EpelNLOqhvg==",
      "license": "MIT",
      "dependencies": {
        "@huggingface/jinja": "^0.5.3",
        "@huggingface/tasks": "^0.19.67"
      },
      "engines": {
        "node": ">=18"
      }
    },
    "node_modules/@huggingface/jinja": {
      "version": "0.5.3",
      "resolved": "https://registry.npmjs.org/@huggingface/jinja/-/jinja-0.5.3.tgz",
      "integrity": "sha512-asqfZ4GQS0hD876Uw4qiUb7Tr/V5Q+JZuo2L+BtdrD4U40QU58nIRq3ZSgAzJgT874VLjhGVacaYfrdpXtEvtA==",
      "license": "MIT",
      "engines": {
        "node": ">=18"
      }
    },
    "node_modules/@huggingface/tasks": {
      "version": "0.19.75",
      "resolved": "https://registry.npmjs.org/@huggingface/tasks/-/tasks-0.19.75.tgz",
      "integrity": "sha512-yTz6Hs3KcalPhlzMAUtjEGO0W21e5s661LGm2U0vEJRn/sanLTgP2QWL0lL/IvrAh+Ybiz7iNIcYtJcVOuCndg==",
      "license": "MIT"
    }
  }
}
